
Microsoft Visual Studio Solution File, Format Version 12.00
# Visual Studio Version 17
VisualStudioVersion = 17.4.33205.214
MinimumVisualStudioVersion = 10.0.40219.1
Project("{FAE04EC0-301F-11D3-BF4B-00C04F79EFBC}") = "Barbershop.App", "Barbershop.Application\Barbershop.App.csproj", "{6FAD7D9D-1800-4815-B0BD-7E1471146F82}"
EndProject
Project("{2150E333-8FDC-42A3-9474-1A3956D46DE8}") = "Core", "Core", "{11F0907C-97C1-475D-8653-3708B2C55651}"
EndProject
Project("{2150E333-8FDC-42A3-9474-1A3956D46DE8}") = "Presentation", "Presentation", "{4C2A8146-69EC-4C23-A4B8-240525D61C65}"
EndProject
Project("{2150E333-8FDC-42A3-9474-1A3956D46DE8}") = "Infrastraction", "Infrastraction", "{F6B82BC8-DE21-4A3E-B380-40D5FCED3815}"
EndProject
Project("{FAE04EC0-301F-11D3-BF4B-00C04F79EFBC}") = "Barbershop.Persistence", "Barbershop.Persistence\Barbershop.Persistence.csproj", "{B63DF3AA-E089-4AAD-B505-6E6F61A9296F}"
EndProject
Project("{FAE04EC0-301F-11D3-BF4B-00C04F79EFBC}") = "Barbershop.Domain", "Barbershop.Domain\Barbershop.Domain.csproj", "{22D6EC5D-60B8-4B86-89CE-E31EFA3CB899}"
EndProject
Global
	GlobalSection(SolutionConfigurationPlatforms) = preSolution
		Debug|Any CPU = Debug|Any CPU
		Release|Any CPU = Release|Any CPU
	EndGlobalSection
	GlobalSection(ProjectConfigurationPlatforms) = postSolution
		{6FAD7D9D-1800-4815-B0BD-7E1471146F82}.Debug|Any CPU.ActiveCfg = Debug|Any CPU
		{6FAD7D9D-1800-4815-B0BD-7E1471146F82}.Debug|Any CPU.Build.0 = Debug|Any CPU
		{6FAD7D9D-1800-4815-B0BD-7E1471146F82}.Release|Any CPU.ActiveCfg = Release|Any CPU
		{6FAD7D9D-1800-4815-B0BD-7E1471146F82}.Release|Any CPU.Build.0 = Release|Any CPU
		{B63DF3AA-E089-4AAD-B505-6E6F61A9296F}.Debug|Any CPU.ActiveCfg = Debug|Any CPU
		{B63DF3AA-E089-4AAD-B505-6E6F61A9296F}.Debug|Any CPU.Build.0 = Debug|Any CPU
		{B63DF3AA-E089-4AAD-B505-6E6F61A9296F}.Release|Any CPU.ActiveCfg = Release|Any CPU
		{B63DF3AA-E089-4AAD-B505-6E6F61A9296F}.Release|Any CPU.Build.0 = Release|Any CPU
		{22D6EC5D-60B8-4B86-89CE-E31EFA3CB899}.Debug|Any CPU.ActiveCfg = Debug|Any CPU
		{22D6EC5D-60B8-4B86-89CE-E31EFA3CB899}.Debug|Any CPU.Build.0 = Debug|Any CPU
		{22D6EC5D-60B8-4B86-89CE-E31EFA3CB899}.Release|Any CPU.ActiveCfg = Release|Any CPU
		{22D6EC5D-60B8-4B86-89CE-E31EFA3CB899}.Release|Any CPU.Build.0 = Release|Any CPU
	EndGlobalSection
	GlobalSection(SolutionProperties) = preSolution
		HideSolutionNode = FALSE
	EndGlobalSection
	GlobalSection(NestedProjects) = preSolution
		{6FAD7D9D-1800-4815-B0BD-7E1471146F82} = {4C2A8146-69EC-4C23-A4B8-240525D61C65}
		{B63DF3AA-E089-4AAD-B505-6E6F61A9296F} = {F6B82BC8-DE21-4A3E-B380-40D5FCED3815}
		{22D6EC5D-60B8-4B86-89CE-E31EFA3CB899} = {11F0907C-97C1-475D-8653-3708B2C55651}
	EndGlobalSection
	GlobalSection(ExtensibilityGlobals) = postSolution
		SolutionGuid = {98552BCA-4C1A-44AD-9FE1-E09AB87DA8C4}
	EndGlobalSection
EndGlobal
